
Microsoft Visual Studio Solution File, Format Version 12.00
# Visual Studio 14
VisualStudioVersion = 14.0.25420.1
MinimumVisualStudioVersion = 10.0.40219.1
Project("{FAE04EC0-301F-11D3-BF4B-00C04F79EFBC}") = "ProjectGD2020", "ProjectGD2020\ProjectGD2020.csproj", "{621FC355-C598-4905-B65E-4574462A74BD}"
EndProject
Global
	GlobalSection(SolutionConfigurationPlatforms) = preSolution
		Debug|Any CPU = Debug|Any CPU
		Release|Any CPU = Release|Any CPU
	EndGlobalSection
	GlobalSection(ProjectConfigurationPlatforms) = postSolution
		{621FC355-C598-4905-B65E-4574462A74BD}.Debug|Any CPU.ActiveCfg = Debug|Any CPU
		{621FC355-C598-4905-B65E-4574462A74BD}.Debug|Any CPU.Build.0 = Debug|Any CPU
		{621FC355-C598-4905-B65E-4574462A74BD}.Release|Any CPU.ActiveCfg = Release|Any CPU
		{621FC355-C598-4905-B65E-4574462A74BD}.Release|Any CPU.Build.0 = Release|Any CPU
	EndGlobalSection
	GlobalSection(SolutionProperties) = preSolution
		HideSolutionNode = FALSE
	EndGlobalSection
EndGlobal
